PODS:
  - Alamofire (4.9.0)
  - Cosmos (20.0.1)
  - Kingfisher (5.2.0)
  - Moya/Core (12.0.1):
    - Alamofire (~> 4.1)
    - Result (~> 4.0)
  - Moya/RxSwift (12.0.1):
    - Moya/Core
    - RxSwift (~> 4.0)
  - Result (4.1.0)
  - RxCocoa (4.5.0):
    - RxSwift (>= 4.4.2, ~> 4.4)
  - RxSwift (4.5.0)
  - youtube-ios-player-helper (0.1.6)

DEPENDENCIES:
  - Cosmos (~> 20.0)
  - Kingfisher (~> 5.2.0)
  - Moya/RxSwift (~> 12.0.1)
  - RxCocoa
  - youtube-ios-player-helper

SPEC REPOS:
  trunk:
    - Alamofire
    - Cosmos
    - Kingfisher
    - Moya
    - Result
    - RxCocoa
    - RxSwift
    - youtube-ios-player-helper

SPEC CHECKSUMS:
  Alamofire: afc3e7c6db61476cb45cdd23fed06bad03bbc321
  Cosmos: b47fddf2102bb48580cd3025d9ce0a5c658a65da
  Kingfisher: 07067cfacf371117330dceb4b4b8f5c4b691ab42
  Moya: cf730b3cd9e005401ef37a85143aa141a12fd38f
  Result: bd966fac789cc6c1563440b348ab2598cc24d5c7
  RxCocoa: cbf70265dc65a981d4ac982e513c10cf23df24a0
  RxSwift: f172070dfd1a93d70a9ab97a5a01166206e1c575
  youtube-ios-player-helper: 21ab92db027c7ff86cb17a3843a3f6eafc8158d2

PODFILE CHECKSUM: 908d37a8e374a780ac7986aa8e4dccb1037a8456

COCOAPODS: 1.11.3
