// !$*UTF8*$!
{
	archiveVersion = 1;
	classes = {
	};
	objectVersion = 51;
	objects = {

/* Begin PBXBuildFile section */
		07A59E47D408BAA6F87BDE1B /* Pods_MyMovie.framework in Frameworks */ = {isa = PBXBuildFile; fileRef = 71143C27634F3B74C45C6185 /* Pods_MyMovie.framework */; };
		37AEC00C7DCD28C6BB4A2E4E /* Pods_MyMovie_MyMovieUITests.framework in Frameworks */ = {isa = PBXBuildFile; fileRef = 2F1BE831E060E1BAA516355F /* Pods_MyMovie_MyMovieUITests.framework */; };
		44470A932373EA70009D6456 /* MovieCollectionViewCell.swift in Sources */ = {isa = PBXBuildFile; fileRef = 44470A912373EA70009D6456 /* MovieCollectionViewCell.swift */; };
		44470A942373EA70009D6456 /* MovieCollectionViewCell.xib in Resources */ = {isa = PBXBuildFile; fileRef = 44470A922373EA70009D6456 /* MovieCollectionViewCell.xib */; };
		44470AA2237459D9009D6456 /* TitleHeaderView.swift in Sources */ = {isa = PBXBuildFile; fileRef = 44470AA1237459D9009D6456 /* TitleHeaderView.swift */; };
		44470AA4237459F4009D6456 /* TitleHeaderView.xib in Resources */ = {isa = PBXBuildFile; fileRef = 44470AA3237459F4009D6456 /* TitleHeaderView.xib */; };
		44470AA8237469FF009D6456 /* HorizontalListTableViewCell.swift in Sources */ = {isa = PBXBuildFile; fileRef = 44470AA6237469FF009D6456 /* HorizontalListTableViewCell.swift */; };
		44470AA9237469FF009D6456 /* HorizontalListTableViewCell.xib in Resources */ = {isa = PBXBuildFile; fileRef = 44470AA7237469FF009D6456 /* HorizontalListTableViewCell.xib */; };
		44470AAB2374BD64009D6456 /* HorizontalListViewModel.swift in Sources */ = {isa = PBXBuildFile; fileRef = 44470AAA2374BD64009D6456 /* HorizontalListViewModel.swift */; };
		449846E22372FC52001D8034 /* PagingInfoModel.swift in Sources */ = {isa = PBXBuildFile; fileRef = 449846E12372FC52001D8034 /* PagingInfoModel.swift */; };
		44EA6B6C23717EF3003914AF /* AppDelegate.swift in Sources */ = {isa = PBXBuildFile; fileRef = 44EA6B6B23717EF3003914AF /* AppDelegate.swift */; };
		44EA6B7323717EF3003914AF /* Main.storyboard in Resources */ = {isa = PBXBuildFile; fileRef = 44EA6B7123717EF3003914AF /* Main.storyboard */; };
		44EA6B7523717EF4003914AF /* Assets.xcassets in Resources */ = {isa = PBXBuildFile; fileRef = 44EA6B7423717EF4003914AF /* Assets.xcassets */; };
		44EA6B7823717EF4003914AF /* LaunchScreen.storyboard in Resources */ = {isa = PBXBuildFile; fileRef = 44EA6B7623717EF4003914AF /* LaunchScreen.storyboard */; };
		44EA6B8323717EF4003914AF /* MyMovieTests.swift in Sources */ = {isa = PBXBuildFile; fileRef = 44EA6B8223717EF4003914AF /* MyMovieTests.swift */; };
		44EA6B8E23717EF4003914AF /* MyMovieUITests.swift in Sources */ = {isa = PBXBuildFile; fileRef = 44EA6B8D23717EF4003914AF /* MyMovieUITests.swift */; };
		44EA6BA42371B430003914AF /* APIEndpoint.swift in Sources */ = {isa = PBXBuildFile; fileRef = 44EA6BA32371B430003914AF /* APIEndpoint.swift */; };
		44EA6BA62371B47E003914AF /* ReusableView+custom.swift in Sources */ = {isa = PBXBuildFile; fileRef = 44EA6BA52371B47E003914AF /* ReusableView+custom.swift */; };
		44EA6BA82371B4D7003914AF /* BaseViewController.swift in Sources */ = {isa = PBXBuildFile; fileRef = 44EA6BA72371B4D7003914AF /* BaseViewController.swift */; };
		44EA6BAA2371B4E4003914AF /* HomeViewController.swift in Sources */ = {isa = PBXBuildFile; fileRef = 44EA6BA92371B4E4003914AF /* HomeViewController.swift */; };
		44EA6BAD2371B50C003914AF /* HomeViewModel.swift in Sources */ = {isa = PBXBuildFile; fileRef = 44EA6BAC2371B50C003914AF /* HomeViewModel.swift */; };
		44EA6BB12371B5AF003914AF /* BaseViewController+loadingIndicator.swift in Sources */ = {isa = PBXBuildFile; fileRef = 44EA6BB02371B5AF003914AF /* BaseViewController+loadingIndicator.swift */; };
		44EA6BB32371B632003914AF /* BaseViewController+theme.swift in Sources */ = {isa = PBXBuildFile; fileRef = 44EA6BB22371B632003914AF /* BaseViewController+theme.swift */; };
		44EA6BB52371B676003914AF /* BaseViewController+alert.swift in Sources */ = {isa = PBXBuildFile; fileRef = 44EA6BB42371B676003914AF /* BaseViewController+alert.swift */; };
		44EA6BB72371B6F1003914AF /* BaseViewController+barButton.swift in Sources */ = {isa = PBXBuildFile; fileRef = 44EA6BB62371B6F1003914AF /* BaseViewController+barButton.swift */; };
		44EA6BBA2371BA9E003914AF /* MovieModel.swift in Sources */ = {isa = PBXBuildFile; fileRef = 44EA6BB92371BA9E003914AF /* MovieModel.swift */; };
		44EA6BBC2371BC01003914AF /* SafeArrayDecoding.swift in Sources */ = {isa = PBXBuildFile; fileRef = 44EA6BBB2371BC01003914AF /* SafeArrayDecoding.swift */; };
		44EA6BBE2371EDD9003914AF /* CategoryModel.swift in Sources */ = {isa = PBXBuildFile; fileRef = 44EA6BBD2371EDD9003914AF /* CategoryModel.swift */; };
		44EA6BC02371F0EC003914AF /* APIManager.swift in Sources */ = {isa = PBXBuildFile; fileRef = 44EA6BBF2371F0EC003914AF /* APIManager.swift */; };
		44EAB7E22376E80E0062526B /* Enum.swift in Sources */ = {isa = PBXBuildFile; fileRef = 44EAB7E12376E80E0062526B /* Enum.swift */; };
		44EAB7E4237704B60062526B /* Error.swift in Sources */ = {isa = PBXBuildFile; fileRef = 44EAB7E3237704B60062526B /* Error.swift */; };
		762CD82C2378AF5000685234 /* BaseViewController+refreshControl.swift in Sources */ = {isa = PBXBuildFile; fileRef = 762CD82B2378AF5000685234 /* BaseViewController+refreshControl.swift */; };
		762CD82E2378FECE00685234 /* DetailViewModel.swift in Sources */ = {isa = PBXBuildFile; fileRef = 762CD82D2378FECE00685234 /* DetailViewModel.swift */; };
		762CD8302378FEF700685234 /* MovieDetailModel.swift in Sources */ = {isa = PBXBuildFile; fileRef = 762CD82F2378FEF700685234 /* MovieDetailModel.swift */; };
		762CD8332379214F00685234 /* MediaTableViewCell.swift in Sources */ = {isa = PBXBuildFile; fileRef = 762CD8312379214F00685234 /* MediaTableViewCell.swift */; };
		762CD8342379214F00685234 /* MediaTableViewCell.xib in Resources */ = {isa = PBXBuildFile; fileRef = 762CD8322379214F00685234 /* MediaTableViewCell.xib */; };
		762CD837237970E000685234 /* MovieDetailViewController.swift in Sources */ = {isa = PBXBuildFile; fileRef = 762CD836237970E000685234 /* MovieDetailViewController.swift */; };
		762CD83A237989B200685234 /* GenreCollectionViewCell.swift in Sources */ = {isa = PBXBuildFile; fileRef = 762CD838237989B200685234 /* GenreCollectionViewCell.swift */; };
		762CD83B237989B200685234 /* GenreCollectionViewCell.xib in Resources */ = {isa = PBXBuildFile; fileRef = 762CD839237989B200685234 /* GenreCollectionViewCell.xib */; };
		762CD83D23798B5300685234 /* Common.swift in Sources */ = {isa = PBXBuildFile; fileRef = 762CD83C23798B5300685234 /* Common.swift */; };
		762CD83F2379E03E00685234 /* CreditModel.swift in Sources */ = {isa = PBXBuildFile; fileRef = 762CD83E2379E03E00685234 /* CreditModel.swift */; };
		762CD8412379E2FC00685234 /* VideoModel.swift in Sources */ = {isa = PBXBuildFile; fileRef = 762CD8402379E2FC00685234 /* VideoModel.swift */; };
		762CD8432379E3C700685234 /* ReviewModel.swift in Sources */ = {isa = PBXBuildFile; fileRef = 762CD8422379E3C700685234 /* ReviewModel.swift */; };
		EC6FDFB03B5A1DBC0430A3DE /* Pods_MyMovieTests.framework in Frameworks */ = {isa = PBXBuildFile; fileRef = E7AC86F249F17D6CB0EBC86A /* Pods_MyMovieTests.framework */; };
/* End PBXBuildFile section */

/* Begin PBXContainerItemProxy section */
		44EA6B7F23717EF4003914AF /* PBXContainerItemProxy */ = {
			isa = PBXContainerItemProxy;
			containerPortal = 44EA6B6023717EF2003914AF /* Project object */;
			proxyType = 1;
			remoteGlobalIDString = 44EA6B6723717EF3003914AF;
			remoteInfo = MyMovie;
		};
		44EA6B8A23717EF4003914AF /* PBXContainerItemProxy */ = {
			isa = PBXContainerItemProxy;
			containerPortal = 44EA6B6023717EF2003914AF /* Project object */;
			proxyType = 1;
			remoteGlobalIDString = 44EA6B6723717EF3003914AF;
			remoteInfo = MyMovie;
		};
/* End PBXContainerItemProxy section */

/* Begin PBXFileReference section */
		1FD1009DDAABA78F3568D412 /* Pods-MyMovie.debug.xcconfig */ = {isa = PBXFileReference; includeInIndex = 1; lastKnownFileType = text.xcconfig; name = "Pods-MyMovie.debug.xcconfig"; path = "Target Support Files/Pods-MyMovie/Pods-MyMovie.debug.xcconfig"; sourceTree = "<group>"; };
		2F1BE831E060E1BAA516355F /* Pods_MyMovie_MyMovieUITests.framework */ = {isa = PBXFileReference; explicitFileType = wrapper.framework; includeInIndex = 0; path = Pods_MyMovie_MyMovieUITests.framework; sourceTree = BUILT_PRODUCTS_DIR; };
		44470A912373EA70009D6456 /* MovieCollectionViewCell.swift */ = {isa = PBXFileReference; lastKnownFileType = sourcecode.swift; path = MovieCollectionViewCell.swift; sourceTree = "<group>"; };
		44470A922373EA70009D6456 /* MovieCollectionViewCell.xib */ = {isa = PBXFileReference; lastKnownFileType = file.xib; path = MovieCollectionViewCell.xib; sourceTree = "<group>"; };
		44470AA1237459D9009D6456 /* TitleHeaderView.swift */ = {isa = PBXFileReference; lastKnownFileType = sourcecode.swift; path = TitleHeaderView.swift; sourceTree = "<group>"; };
		44470AA3237459F4009D6456 /* TitleHeaderView.xib */ = {isa = PBXFileReference; lastKnownFileType = file.xib; path = TitleHeaderView.xib; sourceTree = "<group>"; };
		44470AA6237469FF009D6456 /* HorizontalListTableViewCell.swift */ = {isa = PBXFileReference; lastKnownFileType = sourcecode.swift; path = HorizontalListTableViewCell.swift; sourceTree = "<group>"; };
		44470AA7237469FF009D6456 /* HorizontalListTableViewCell.xib */ = {isa = PBXFileReference; lastKnownFileType = file.xib; path = HorizontalListTableViewCell.xib; sourceTree = "<group>"; };
		44470AAA2374BD64009D6456 /* HorizontalListViewModel.swift */ = {isa = PBXFileReference; lastKnownFileType = sourcecode.swift; path = HorizontalListViewModel.swift; sourceTree = "<group>"; };
		449846E12372FC52001D8034 /* PagingInfoModel.swift */ = {isa = PBXFileReference; lastKnownFileType = sourcecode.swift; path = PagingInfoModel.swift; sourceTree = "<group>"; };
		44EA6B6823717EF3003914AF /* MyMovie.app */ = {isa = PBXFileReference; explicitFileType = wrapper.application; includeInIndex = 0; path = MyMovie.app; sourceTree = BUILT_PRODUCTS_DIR; };
		44EA6B6B23717EF3003914AF /* AppDelegate.swift */ = {isa = PBXFileReference; lastKnownFileType = sourcecode.swift; path = AppDelegate.swift; sourceTree = "<group>"; };
		44EA6B7223717EF3003914AF /* Base */ = {isa = PBXFileReference; lastKnownFileType = file.storyboard; name = Base; path = Base.lproj/Main.storyboard; sourceTree = "<group>"; };
		44EA6B7423717EF4003914AF /* Assets.xcassets */ = {isa = PBXFileReference; lastKnownFileType = folder.assetcatalog; path = Assets.xcassets; sourceTree = "<group>"; };
		44EA6B7723717EF4003914AF /* Base */ = {isa = PBXFileReference; lastKnownFileType = file.storyboard; name = Base; path = Base.lproj/LaunchScreen.storyboard; sourceTree = "<group>"; };
		44EA6B7923717EF4003914AF /* Info.plist */ = {isa = PBXFileReference; lastKnownFileType = text.plist.xml; path = Info.plist; sourceTree = "<group>"; };
		44EA6B7E23717EF4003914AF /* MyMovieTests.xctest */ = {isa = PBXFileReference; explicitFileType = wrapper.cfbundle; includeInIndex = 0; path = MyMovieTests.xctest; sourceTree = BUILT_PRODUCTS_DIR; };
		44EA6B8223717EF4003914AF /* MyMovieTests.swift */ = {isa = PBXFileReference; lastKnownFileType = sourcecode.swift; path = MyMovieTests.swift; sourceTree = "<group>"; };
		44EA6B8423717EF4003914AF /* Info.plist */ = {isa = PBXFileReference; lastKnownFileType = text.plist.xml; path = Info.plist; sourceTree = "<group>"; };
		44EA6B8923717EF4003914AF /* MyMovieUITests.xctest */ = {isa = PBXFileReference; explicitFileType = wrapper.cfbundle; includeInIndex = 0; path = MyMovieUITests.xctest; sourceTree = BUILT_PRODUCTS_DIR; };
		44EA6B8D23717EF4003914AF /* MyMovieUITests.swift */ = {isa = PBXFileReference; lastKnownFileType = sourcecode.swift; path = MyMovieUITests.swift; sourceTree = "<group>"; };
		44EA6B8F23717EF4003914AF /* Info.plist */ = {isa = PBXFileReference; lastKnownFileType = text.plist.xml; path = Info.plist; sourceTree = "<group>"; };
		44EA6BA32371B430003914AF /* APIEndpoint.swift */ = {isa = PBXFileReference; lastKnownFileType = sourcecode.swift; path = APIEndpoint.swift; sourceTree = "<group>"; };
		44EA6BA52371B47E003914AF /* ReusableView+custom.swift */ = {isa = PBXFileReference; lastKnownFileType = sourcecode.swift; path = "ReusableView+custom.swift"; sourceTree = "<group>"; };
		44EA6BA72371B4D7003914AF /* BaseViewController.swift */ = {isa = PBXFileReference; lastKnownFileType = sourcecode.swift; path = BaseViewController.swift; sourceTree = "<group>"; };
		44EA6BA92371B4E4003914AF /* HomeViewController.swift */ = {isa = PBXFileReference; lastKnownFileType = sourcecode.swift; path = HomeViewController.swift; sourceTree = "<group>"; };
		44EA6BAC2371B50C003914AF /* HomeViewModel.swift */ = {isa = PBXFileReference; lastKnownFileType = sourcecode.swift; path = HomeViewModel.swift; sourceTree = "<group>"; };
		44EA6BB02371B5AF003914AF /* BaseViewController+loadingIndicator.swift */ = {isa = PBXFileReference; lastKnownFileType = sourcecode.swift; path = "BaseViewController+loadingIndicator.swift"; sourceTree = "<group>"; };
		44EA6BB22371B632003914AF /* BaseViewController+theme.swift */ = {isa = PBXFileReference; lastKnownFileType = sourcecode.swift; path = "BaseViewController+theme.swift"; sourceTree = "<group>"; };
		44EA6BB42371B676003914AF /* BaseViewController+alert.swift */ = {isa = PBXFileReference; lastKnownFileType = sourcecode.swift; path = "BaseViewController+alert.swift"; sourceTree = "<group>"; };
		44EA6BB62371B6F1003914AF /* BaseViewController+barButton.swift */ = {isa = PBXFileReference; lastKnownFileType = sourcecode.swift; path = "BaseViewController+barButton.swift"; sourceTree = "<group>"; };
		44EA6BB92371BA9E003914AF /* MovieModel.swift */ = {isa = PBXFileReference; lastKnownFileType = sourcecode.swift; path = MovieModel.swift; sourceTree = "<group>"; };
		44EA6BBB2371BC01003914AF /* SafeArrayDecoding.swift */ = {isa = PBXFileReference; lastKnownFileType = sourcecode.swift; path = SafeArrayDecoding.swift; sourceTree = "<group>"; };
		44EA6BBD2371EDD9003914AF /* CategoryModel.swift */ = {isa = PBXFileReference; lastKnownFileType = sourcecode.swift; path = CategoryModel.swift; sourceTree = "<group>"; };
		44EA6BBF2371F0EC003914AF /* APIManager.swift */ = {isa = PBXFileReference; lastKnownFileType = sourcecode.swift; path = APIManager.swift; sourceTree = "<group>"; };
		44EAB7E12376E80E0062526B /* Enum.swift */ = {isa = PBXFileReference; lastKnownFileType = sourcecode.swift; path = Enum.swift; sourceTree = "<group>"; };
		44EAB7E3237704B60062526B /* Error.swift */ = {isa = PBXFileReference; lastKnownFileType = sourcecode.swift; path = Error.swift; sourceTree = "<group>"; };
		4BC7AD60482BC97865F65743 /* Pods-MyMovie.release.xcconfig */ = {isa = PBXFileReference; includeInIndex = 1; lastKnownFileType = text.xcconfig; name = "Pods-MyMovie.release.xcconfig"; path = "Target Support Files/Pods-MyMovie/Pods-MyMovie.release.xcconfig"; sourceTree = "<group>"; };
		641E7DADDD996A6E6C28E97E /* Pods-MyMovie-MyMovieUITests.debug.xcconfig */ = {isa = PBXFileReference; includeInIndex = 1; lastKnownFileType = text.xcconfig; name = "Pods-MyMovie-MyMovieUITests.debug.xcconfig"; path = "Target Support Files/Pods-MyMovie-MyMovieUITests/Pods-MyMovie-MyMovieUITests.debug.xcconfig"; sourceTree = "<group>"; };
		66F7DC6C877EDFCD5751AFB9 /* Pods-MyMovieTests.debug.xcconfig */ = {isa = PBXFileReference; includeInIndex = 1; lastKnownFileType = text.xcconfig; name = "Pods-MyMovieTests.debug.xcconfig"; path = "Target Support Files/Pods-MyMovieTests/Pods-MyMovieTests.debug.xcconfig"; sourceTree = "<group>"; };
		71143C27634F3B74C45C6185 /* Pods_MyMovie.framework */ = {isa = PBXFileReference; explicitFileType = wrapper.framework; includeInIndex = 0; path = Pods_MyMovie.framework; sourceTree = BUILT_PRODUCTS_DIR; };
		762CD82B2378AF5000685234 /* BaseViewController+refreshControl.swift */ = {isa = PBXFileReference; lastKnownFileType = sourcecode.swift; path = "BaseViewController+refreshControl.swift"; sourceTree = "<group>"; };
		762CD82D2378FECE00685234 /* DetailViewModel.swift */ = {isa = PBXFileReference; lastKnownFileType = sourcecode.swift; path = DetailViewModel.swift; sourceTree = "<group>"; };
		762CD82F2378FEF700685234 /* MovieDetailModel.swift */ = {isa = PBXFileReference; lastKnownFileType = sourcecode.swift; path = MovieDetailModel.swift; sourceTree = "<group>"; };
		762CD8312379214F00685234 /* MediaTableViewCell.swift */ = {isa = PBXFileReference; lastKnownFileType = sourcecode.swift; path = MediaTableViewCell.swift; sourceTree = "<group>"; };
		762CD8322379214F00685234 /* MediaTableViewCell.xib */ = {isa = PBXFileReference; lastKnownFileType = file.xib; path = MediaTableViewCell.xib; sourceTree = "<group>"; };
		762CD836237970E000685234 /* MovieDetailViewController.swift */ = {isa = PBXFileReference; lastKnownFileType = sourcecode.swift; path = MovieDetailViewController.swift; sourceTree = "<group>"; };
		762CD838237989B200685234 /* GenreCollectionViewCell.swift */ = {isa = PBXFileReference; lastKnownFileType = sourcecode.swift; path = GenreCollectionViewCell.swift; sourceTree = "<group>"; };
		762CD839237989B200685234 /* GenreCollectionViewCell.xib */ = {isa = PBXFileReference; lastKnownFileType = file.xib; path = GenreCollectionViewCell.xib; sourceTree = "<group>"; };
		762CD83C23798B5300685234 /* Common.swift */ = {isa = PBXFileReference; lastKnownFileType = sourcecode.swift; path = Common.swift; sourceTree = "<group>"; };
		762CD83E2379E03E00685234 /* CreditModel.swift */ = {isa = PBXFileReference; lastKnownFileType = sourcecode.swift; path = CreditModel.swift; sourceTree = "<group>"; };
		762CD8402379E2FC00685234 /* VideoModel.swift */ = {isa = PBXFileReference; lastKnownFileType = sourcecode.swift; path = VideoModel.swift; sourceTree = "<group>"; };
		762CD8422379E3C700685234 /* ReviewModel.swift */ = {isa = PBXFileReference; lastKnownFileType = sourcecode.swift; path = ReviewModel.swift; sourceTree = "<group>"; };
		CD48258A7515AE788A9F722B /* Pods-MyMovie-MyMovieUITests.release.xcconfig */ = {isa = PBXFileReference; includeInIndex = 1; lastKnownFileType = text.xcconfig; name = "Pods-MyMovie-MyMovieUITests.release.xcconfig"; path = "Target Support Files/Pods-MyMovie-MyMovieUITests/Pods-MyMovie-MyMovieUITests.release.xcconfig"; sourceTree = "<group>"; };
		DFA756918F911EDD9A84C2E7 /* Pods-MyMovieTests.release.xcconfig */ = {isa = PBXFileReference; includeInIndex = 1; lastKnownFileType = text.xcconfig; name = "Pods-MyMovieTests.release.xcconfig"; path = "Target Support Files/Pods-MyMovieTests/Pods-MyMovieTests.release.xcconfig"; sourceTree = "<group>"; };
		E7AC86F249F17D6CB0EBC86A /* Pods_MyMovieTests.framework */ = {isa = PBXFileReference; explicitFileType = wrapper.framework; includeInIndex = 0; path = Pods_MyMovieTests.framework; sourceTree = BUILT_PRODUCTS_DIR; };
/* End PBXFileReference section */

/* Begin PBXFrameworksBuildPhase section */
		44EA6B6523717EF3003914AF /* Frameworks */ = {
			isa = PBXFrameworksBuildPhase;
			buildActionMask = 2147483647;
			files = (
				07A59E47D408BAA6F87BDE1B /* Pods_MyMovie.framework in Frameworks */,
			);
			runOnlyForDeploymentPostprocessing = 0;
		};
		44EA6B7B23717EF4003914AF /* Frameworks */ = {
			isa = PBXFrameworksBuildPhase;
			buildActionMask = 2147483647;
			files = (
				EC6FDFB03B5A1DBC0430A3DE /* Pods_MyMovieTests.framework in Frameworks */,
			);
			runOnlyForDeploymentPostprocessing = 0;
		};
		44EA6B8623717EF4003914AF /* Frameworks */ = {
			isa = PBXFrameworksBuildPhase;
			buildActionMask = 2147483647;
			files = (
				37AEC00C7DCD28C6BB4A2E4E /* Pods_MyMovie_MyMovieUITests.framework in Frameworks */,
			);
			runOnlyForDeploymentPostprocessing = 0;
		};
/* End PBXFrameworksBuildPhase section */

/* Begin PBXGroup section */
		44470AA5237467B9009D6456 /* Custom */ = {
			isa = PBXGroup;
			children = (
			);
			path = Custom;
			sourceTree = "<group>";
		};
		44EA6B5F23717EF2003914AF = {
			isa = PBXGroup;
			children = (
				44EA6B6A23717EF3003914AF /* MyMovie */,
				44EA6B8123717EF4003914AF /* MyMovieTests */,
				44EA6B8C23717EF4003914AF /* MyMovieUITests */,
				44EA6B6923717EF3003914AF /* Products */,
				EA6C15947F79EB4989D1F21C /* Pods */,
				79D4518BF7ABE1B381A068B2 /* Frameworks */,
			);
			sourceTree = "<group>";
		};
		44EA6B6923717EF3003914AF /* Products */ = {
			isa = PBXGroup;
			children = (
				44EA6B6823717EF3003914AF /* MyMovie.app */,
				44EA6B7E23717EF4003914AF /* MyMovieTests.xctest */,
				44EA6B8923717EF4003914AF /* MyMovieUITests.xctest */,
			);
			name = Products;
			sourceTree = "<group>";
		};
		44EA6B6A23717EF3003914AF /* MyMovie */ = {
			isa = PBXGroup;
			children = (
				44EA6B9B2371AADE003914AF /* Controller */,
				44EA6B9D2371AB81003914AF /* View */,
				44EA6B9E2371AB8E003914AF /* ViewModel */,
				44EA6BB82371BA8D003914AF /* Model */,
				44EA6B9F2371AB98003914AF /* Networking */,
				44EA6BA22371AC75003914AF /* Storyboard */,
				44EA6BA02371AC67003914AF /* Extension */,
				44EA6BA12371AC6F003914AF /* Utility */,
				44EA6B6B23717EF3003914AF /* AppDelegate.swift */,
				44EA6B7423717EF4003914AF /* Assets.xcassets */,
				44EA6B7923717EF4003914AF /* Info.plist */,
			);
			path = MyMovie;
			sourceTree = "<group>";
		};
		44EA6B8123717EF4003914AF /* MyMovieTests */ = {
			isa = PBXGroup;
			children = (
				44EA6B8223717EF4003914AF /* MyMovieTests.swift */,
				44EA6B8423717EF4003914AF /* Info.plist */,
			);
			path = MyMovieTests;
			sourceTree = "<group>";
		};
		44EA6B8C23717EF4003914AF /* MyMovieUITests */ = {
			isa = PBXGroup;
			children = (
				44EA6B8D23717EF4003914AF /* MyMovieUITests.swift */,
				44EA6B8F23717EF4003914AF /* Info.plist */,
			);
			path = MyMovieUITests;
			sourceTree = "<group>";
		};
		44EA6B9B2371AADE003914AF /* Controller */ = {
			isa = PBXGroup;
			children = (
				44EA6BAE2371B560003914AF /* Base */,
				44EA6BAF2371B56A003914AF /* Home */,
				762CD835237970C400685234 /* Movie Detail */,
			);
			path = Controller;
			sourceTree = "<group>";
		};
		44EA6B9D2371AB81003914AF /* View */ = {
			isa = PBXGroup;
			children = (
				44470AA5237467B9009D6456 /* Custom */,
				44EA6BAB2371B4ED003914AF /* Cell */,
			);
			path = View;
			sourceTree = "<group>";
		};
		44EA6B9E2371AB8E003914AF /* ViewModel */ = {
			isa = PBXGroup;
			children = (
				44470AAA2374BD64009D6456 /* HorizontalListViewModel.swift */,
				44EA6BAC2371B50C003914AF /* HomeViewModel.swift */,
				762CD82D2378FECE00685234 /* DetailViewModel.swift */,
			);
			path = ViewModel;
			sourceTree = "<group>";
		};
		44EA6B9F2371AB98003914AF /* Networking */ = {
			isa = PBXGroup;
			children = (
				44EA6BA32371B430003914AF /* APIEndpoint.swift */,
				44EA6BBF2371F0EC003914AF /* APIManager.swift */,
			);
			path = Networking;
			sourceTree = "<group>";
		};
		44EA6BA02371AC67003914AF /* Extension */ = {
			isa = PBXGroup;
			children = (
				44EA6BA52371B47E003914AF /* ReusableView+custom.swift */,
			);
			path = Extension;
			sourceTree = "<group>";
		};
		44EA6BA12371AC6F003914AF /* Utility */ = {
			isa = PBXGroup;
			children = (
				44EAB7E12376E80E0062526B /* Enum.swift */,
				44EAB7E3237704B60062526B /* Error.swift */,
				762CD83C23798B5300685234 /* Common.swift */,
			);
			path = Utility;
			sourceTree = "<group>";
		};
		44EA6BA22371AC75003914AF /* Storyboard */ = {
			isa = PBXGroup;
			children = (
				44EA6B7123717EF3003914AF /* Main.storyboard */,
				44EA6B7623717EF4003914AF /* LaunchScreen.storyboard */,
			);
			path = Storyboard;
			sourceTree = "<group>";
		};
		44EA6BAB2371B4ED003914AF /* Cell */ = {
			isa = PBXGroup;
			children = (
				44470AA6237469FF009D6456 /* HorizontalListTableViewCell.swift */,
				44470AA7237469FF009D6456 /* HorizontalListTableViewCell.xib */,
				44470A912373EA70009D6456 /* MovieCollectionViewCell.swift */,
				44470A922373EA70009D6456 /* MovieCollectionViewCell.xib */,
				44470AA1237459D9009D6456 /* TitleHeaderView.swift */,
				44470AA3237459F4009D6456 /* TitleHeaderView.xib */,
				762CD8312379214F00685234 /* MediaTableViewCell.swift */,
				762CD8322379214F00685234 /* MediaTableViewCell.xib */,
				762CD838237989B200685234 /* GenreCollectionViewCell.swift */,
				762CD839237989B200685234 /* GenreCollectionViewCell.xib */,
			);
			path = Cell;
			sourceTree = "<group>";
		};
		44EA6BAE2371B560003914AF /* Base */ = {
			isa = PBXGroup;
			children = (
				44EA6BA72371B4D7003914AF /* BaseViewController.swift */,
				44EA6BB02371B5AF003914AF /* BaseViewController+loadingIndicator.swift */,
				44EA6BB22371B632003914AF /* BaseViewController+theme.swift */,
				44EA6BB42371B676003914AF /* BaseViewController+alert.swift */,
				44EA6BB62371B6F1003914AF /* BaseViewController+barButton.swift */,
				762CD82B2378AF5000685234 /* BaseViewController+refreshControl.swift */,
			);
			path = Base;
			sourceTree = "<group>";
		};
		44EA6BAF2371B56A003914AF /* Home */ = {
			isa = PBXGroup;
			children = (
				44EA6BA92371B4E4003914AF /* HomeViewController.swift */,
			);
			path = Home;
			sourceTree = "<group>";
		};
		44EA6BB82371BA8D003914AF /* Model */ = {
			isa = PBXGroup;
			children = (
				44EA6BB92371BA9E003914AF /* MovieModel.swift */,
				44EA6BBD2371EDD9003914AF /* CategoryModel.swift */,
				449846E12372FC52001D8034 /* PagingInfoModel.swift */,
				44EA6BBB2371BC01003914AF /* SafeArrayDecoding.swift */,
				762CD82F2378FEF700685234 /* MovieDetailModel.swift */,
				762CD83E2379E03E00685234 /* CreditModel.swift */,
				762CD8402379E2FC00685234 /* VideoModel.swift */,
				762CD8422379E3C700685234 /* ReviewModel.swift */,
			);
			path = Model;
			sourceTree = "<group>";
		};
		762CD835237970C400685234 /* Movie Detail */ = {
			isa = PBXGroup;
			children = (
				762CD836237970E000685234 /* MovieDetailViewController.swift */,
			);
			path = "Movie Detail";
			sourceTree = "<group>";
		};
		79D4518BF7ABE1B381A068B2 /* Frameworks */ = {
			isa = PBXGroup;
			children = (
				71143C27634F3B74C45C6185 /* Pods_MyMovie.framework */,
				2F1BE831E060E1BAA516355F /* Pods_MyMovie_MyMovieUITests.framework */,
				E7AC86F249F17D6CB0EBC86A /* Pods_MyMovieTests.framework */,
			);
			name = Frameworks;
			sourceTree = "<group>";
		};
		EA6C15947F79EB4989D1F21C /* Pods */ = {
			isa = PBXGroup;
			children = (
				1FD1009DDAABA78F3568D412 /* Pods-MyMovie.debug.xcconfig */,
				4BC7AD60482BC97865F65743 /* Pods-MyMovie.release.xcconfig */,
				641E7DADDD996A6E6C28E97E /* Pods-MyMovie-MyMovieUITests.debug.xcconfig */,
				CD48258A7515AE788A9F722B /* Pods-MyMovie-MyMovieUITests.release.xcconfig */,
				66F7DC6C877EDFCD5751AFB9 /* Pods-MyMovieTests.debug.xcconfig */,
				DFA756918F911EDD9A84C2E7 /* Pods-MyMovieTests.release.xcconfig */,
			);
			path = Pods;
			sourceTree = "<group>";
		};
/* End PBXGroup section */

/* Begin PBXNativeTarget section */
		44EA6B6723717EF3003914AF /* MyMovie */ = {
			isa = PBXNativeTarget;
			buildConfigurationList = 44EA6B9223717EF4003914AF /* Build configuration list for PBXNativeTarget "MyMovie" */;
			buildPhases = (
				0F6167051F5BB3B32BB1AF7C /* [CP] Check Pods Manifest.lock */,
				44EA6B6423717EF3003914AF /* Sources */,
				44EA6B6523717EF3003914AF /* Frameworks */,
				44EA6B6623717EF3003914AF /* Resources */,
				D6B1EA542B1A90FB6B958035 /* [CP] Embed Pods Frameworks */,
			);
			buildRules = (
			);
			dependencies = (
			);
			name = MyMovie;
			productName = MyMovie;
			productReference = 44EA6B6823717EF3003914AF /* MyMovie.app */;
			productType = "com.apple.product-type.application";
		};
		44EA6B7D23717EF4003914AF /* MyMovieTests */ = {
			isa = PBXNativeTarget;
			buildConfigurationList = 44EA6B9523717EF4003914AF /* Build configuration list for PBXNativeTarget "MyMovieTests" */;
			buildPhases = (
				AEC27EE1584159A89D7E438D /* [CP] Check Pods Manifest.lock */,
				44EA6B7A23717EF4003914AF /* Sources */,
				44EA6B7B23717EF4003914AF /* Frameworks */,
				44EA6B7C23717EF4003914AF /* Resources */,
			);
			buildRules = (
			);
			dependencies = (
				44EA6B8023717EF4003914AF /* PBXTargetDependency */,
			);
			name = MyMovieTests;
			productName = MyMovieTests;
			productReference = 44EA6B7E23717EF4003914AF /* MyMovieTests.xctest */;
			productType = "com.apple.product-type.bundle.unit-test";
		};
		44EA6B8823717EF4003914AF /* MyMovieUITests */ = {
			isa = PBXNativeTarget;
			buildConfigurationList = 44EA6B9823717EF4003914AF /* Build configuration list for PBXNativeTarget "MyMovieUITests" */;
			buildPhases = (
				23786ED2FF5BEBB0E7737175 /* [CP] Check Pods Manifest.lock */,
				44EA6B8523717EF4003914AF /* Sources */,
				44EA6B8623717EF4003914AF /* Frameworks */,
				44EA6B8723717EF4003914AF /* Resources */,
				5079D380999F84A3DE8C59DE /* [CP] Embed Pods Frameworks */,
			);
			buildRules = (
			);
			dependencies = (
				44EA6B8B23717EF4003914AF /* PBXTargetDependency */,
			);
			name = MyMovieUITests;
			productName = MyMovieUITests;
			productReference = 44EA6B8923717EF4003914AF /* MyMovieUITests.xctest */;
			productType = "com.apple.product-type.bundle.ui-testing";
		};
/* End PBXNativeTarget section */

/* Begin PBXProject section */
		44EA6B6023717EF2003914AF /* Project object */ = {
			isa = PBXProject;
			attributes = {
				LastSwiftUpdateCheck = 1110;
				LastUpgradeCheck = 1110;
				TargetAttributes = {
					44EA6B6723717EF3003914AF = {
						CreatedOnToolsVersion = 11.1;
					};
					44EA6B7D23717EF4003914AF = {
						CreatedOnToolsVersion = 11.1;
						TestTargetID = 44EA6B6723717EF3003914AF;
					};
					44EA6B8823717EF4003914AF = {
						CreatedOnToolsVersion = 11.1;
						TestTargetID = 44EA6B6723717EF3003914AF;
					};
				};
			};
			buildConfigurationList = 44EA6B6323717EF2003914AF /* Build configuration list for PBXProject "MyMovie" */;
			compatibilityVersion = "Xcode 9.3";
			developmentRegion = en;
			hasScannedForEncodings = 0;
			knownRegions = (
				en,
				Base,
			);
			mainGroup = 44EA6B5F23717EF2003914AF;
			productRefGroup = 44EA6B6923717EF3003914AF /* Products */;
			projectDirPath = "";
			projectRoot = "";
			targets = (
				44EA6B6723717EF3003914AF /* MyMovie */,
				44EA6B7D23717EF4003914AF /* MyMovieTests */,
				44EA6B8823717EF4003914AF /* MyMovieUITests */,
			);
		};
/* End PBXProject section */

/* Begin PBXResourcesBuildPhase section */
		44EA6B6623717EF3003914AF /* Resources */ = {
			isa = PBXResourcesBuildPhase;
			buildActionMask = 2147483647;
			files = (
				44470AA4237459F4009D6456 /* TitleHeaderView.xib in Resources */,
				762CD8342379214F00685234 /* MediaTableViewCell.xib in Resources */,
				44470AA9237469FF009D6456 /* HorizontalListTableViewCell.xib in Resources */,
				44EA6B7823717EF4003914AF /* LaunchScreen.storyboard in Resources */,
				762CD83B237989B200685234 /* GenreCollectionViewCell.xib in Resources */,
				44EA6B7523717EF4003914AF /* Assets.xcassets in Resources */,
				44EA6B7323717EF3003914AF /* Main.storyboard in Resources */,
				44470A942373EA70009D6456 /* MovieCollectionViewCell.xib in Resources */,
			);
			runOnlyForDeploymentPostprocessing = 0;
		};
		44EA6B7C23717EF4003914AF /* Resources */ = {
			isa = PBXResourcesBuildPhase;
			buildActionMask = 2147483647;
			files = (
			);
			runOnlyForDeploymentPostprocessing = 0;
		};
		44EA6B8723717EF4003914AF /* Resources */ = {
			isa = PBXResourcesBuildPhase;
			buildActionMask = 2147483647;
			files = (
			);
			runOnlyForDeploymentPostprocessing = 0;
		};
/* End PBXResourcesBuildPhase section */

/* Begin PBXShellScriptBuildPhase section */
		0F6167051F5BB3B32BB1AF7C /* [CP] Check Pods Manifest.lock */ = {
			isa = PBXShellScriptBuildPhase;
			buildActionMask = 2147483647;
			files = (
			);
			inputFileListPaths = (
			);
			inputPaths = (
				"${PODS_PODFILE_DIR_PATH}/Podfile.lock",
				"${PODS_ROOT}/Manifest.lock",
			);
			name = "[CP] Check Pods Manifest.lock";
			outputFileListPaths = (
			);
			outputPaths = (
				"$(DERIVED_FILE_DIR)/Pods-MyMovie-checkManifestLockResult.txt",
			);
			runOnlyForDeploymentPostprocessing = 0;
			shellPath = /bin/sh;
			shellScript = "diff \"${PODS_PODFILE_DIR_PATH}/Podfile.lock\" \"${PODS_ROOT}/Manifest.lock\" > /dev/null\nif [ $? != 0 ] ; then\n    # print error to STDERR\n    echo \"error: The sandbox is not in sync with the Podfile.lock. Run 'pod install' or update your CocoaPods installation.\" >&2\n    exit 1\nfi\n# This output is used by Xcode 'outputs' to avoid re-running this script phase.\necho \"SUCCESS\" > \"${SCRIPT_OUTPUT_FILE_0}\"\n";
			showEnvVarsInLog = 0;
		};
		23786ED2FF5BEBB0E7737175 /* [CP] Check Pods Manifest.lock */ = {
			isa = PBXShellScriptBuildPhase;
			buildActionMask = 2147483647;
			files = (
			);
			inputFileListPaths = (
			);
			inputPaths = (
				"${PODS_PODFILE_DIR_PATH}/Podfile.lock",
				"${PODS_ROOT}/Manifest.lock",
			);
			name = "[CP] Check Pods Manifest.lock";
			outputFileListPaths = (
			);
			outputPaths = (
				"$(DERIVED_FILE_DIR)/Pods-MyMovie-MyMovieUITests-checkManifestLockResult.txt",
			);
			runOnlyForDeploymentPostprocessing = 0;
			shellPath = /bin/sh;
			shellScript = "diff \"${PODS_PODFILE_DIR_PATH}/Podfile.lock\" \"${PODS_ROOT}/Manifest.lock\" > /dev/null\nif [ $? != 0 ] ; then\n    # print error to STDERR\n    echo \"error: The sandbox is not in sync with the Podfile.lock. Run 'pod install' or update your CocoaPods installation.\" >&2\n    exit 1\nfi\n# This output is used by Xcode 'outputs' to avoid re-running this script phase.\necho \"SUCCESS\" > \"${SCRIPT_OUTPUT_FILE_0}\"\n";
			showEnvVarsInLog = 0;
		};
		5079D380999F84A3DE8C59DE /* [CP] Embed Pods Frameworks */ = {
			isa = PBXShellScriptBuildPhase;
			buildActionMask = 2147483647;
			files = (
			);
			inputFileListPaths = (
				"${PODS_ROOT}/Target Support Files/Pods-MyMovie-MyMovieUITests/Pods-MyMovie-MyMovieUITests-frameworks-${CONFIGURATION}-input-files.xcfilelist",
			);
			name = "[CP] Embed Pods Frameworks";
			outputFileListPaths = (
				"${PODS_ROOT}/Target Support Files/Pods-MyMovie-MyMovieUITests/Pods-MyMovie-MyMovieUITests-frameworks-${CONFIGURATION}-output-files.xcfilelist",
			);
			runOnlyForDeploymentPostprocessing = 0;
			shellPath = /bin/sh;
			shellScript = "\"${PODS_ROOT}/Target Support Files/Pods-MyMovie-MyMovieUITests/Pods-MyMovie-MyMovieUITests-frameworks.sh\"\n";
			showEnvVarsInLog = 0;
		};
		AEC27EE1584159A89D7E438D /* [CP] Check Pods Manifest.lock */ = {
			isa = PBXShellScriptBuildPhase;
			buildActionMask = 2147483647;
			files = (
			);
			inputFileListPaths = (
			);
			inputPaths = (
				"${PODS_PODFILE_DIR_PATH}/Podfile.lock",
				"${PODS_ROOT}/Manifest.lock",
			);
			name = "[CP] Check Pods Manifest.lock";
			outputFileListPaths = (
			);
			outputPaths = (
				"$(DERIVED_FILE_DIR)/Pods-MyMovieTests-checkManifestLockResult.txt",
			);
			runOnlyForDeploymentPostprocessing = 0;
			shellPath = /bin/sh;
			shellScript = "diff \"${PODS_PODFILE_DIR_PATH}/Podfile.lock\" \"${PODS_ROOT}/Manifest.lock\" > /dev/null\nif [ $? != 0 ] ; then\n    # print error to STDERR\n    echo \"error: The sandbox is not in sync with the Podfile.lock. Run 'pod install' or update your CocoaPods installation.\" >&2\n    exit 1\nfi\n# This output is used by Xcode 'outputs' to avoid re-running this script phase.\necho \"SUCCESS\" > \"${SCRIPT_OUTPUT_FILE_0}\"\n";
			showEnvVarsInLog = 0;
		};
		D6B1EA542B1A90FB6B958035 /* [CP] Embed Pods Frameworks */ = {
			isa = PBXShellScriptBuildPhase;
			buildActionMask = 2147483647;
			files = (
			);
			inputFileListPaths = (
				"${PODS_ROOT}/Target Support Files/Pods-MyMovie/Pods-MyMovie-frameworks-${CONFIGURATION}-input-files.xcfilelist",
			);
			name = "[CP] Embed Pods Frameworks";
			outputFileListPaths = (
				"${PODS_ROOT}/Target Support Files/Pods-MyMovie/Pods-MyMovie-frameworks-${CONFIGURATION}-output-files.xcfilelist",
			);
			runOnlyForDeploymentPostprocessing = 0;
			shellPath = /bin/sh;
			shellScript = "\"${PODS_ROOT}/Target Support Files/Pods-MyMovie/Pods-MyMovie-frameworks.sh\"\n";
			showEnvVarsInLog = 0;
		};
/* End PBXShellScriptBuildPhase section */

/* Begin PBXSourcesBuildPhase section */
		44EA6B6423717EF3003914AF /* Sources */ = {
			isa = PBXSourcesBuildPhase;
			buildActionMask = 2147483647;
			files = (
				44EA6BBE2371EDD9003914AF /* CategoryModel.swift in Sources */,
				449846E22372FC52001D8034 /* PagingInfoModel.swift in Sources */,
				44EA6BBA2371BA9E003914AF /* MovieModel.swift in Sources */,
				44470AAB2374BD64009D6456 /* HorizontalListViewModel.swift in Sources */,
				762CD837237970E000685234 /* MovieDetailViewController.swift in Sources */,
				44470AA8237469FF009D6456 /* HorizontalListTableViewCell.swift in Sources */,
				762CD8432379E3C700685234 /* ReviewModel.swift in Sources */,
				44EA6BB12371B5AF003914AF /* BaseViewController+loadingIndicator.swift in Sources */,
				44EA6BB72371B6F1003914AF /* BaseViewController+barButton.swift in Sources */,
				44EA6BB32371B632003914AF /* BaseViewController+theme.swift in Sources */,
				44EA6BAA2371B4E4003914AF /* HomeViewController.swift in Sources */,
				44EA6BC02371F0EC003914AF /* APIManager.swift in Sources */,
				44EA6BBC2371BC01003914AF /* SafeArrayDecoding.swift in Sources */,
				762CD82E2378FECE00685234 /* DetailViewModel.swift in Sources */,
				762CD8412379E2FC00685234 /* VideoModel.swift in Sources */,
				762CD82C2378AF5000685234 /* BaseViewController+refreshControl.swift in Sources */,
				762CD8302378FEF700685234 /* MovieDetailModel.swift in Sources */,
				44EA6BAD2371B50C003914AF /* HomeViewModel.swift in Sources */,
				762CD83A237989B200685234 /* GenreCollectionViewCell.swift in Sources */,
				762CD83F2379E03E00685234 /* CreditModel.swift in Sources */,
				44EA6BA62371B47E003914AF /* ReusableView+custom.swift in Sources */,
				44EA6BB52371B676003914AF /* BaseViewController+alert.swift in Sources */,
				44EA6BA82371B4D7003914AF /* BaseViewController.swift in Sources */,
				762CD83D23798B5300685234 /* Common.swift in Sources */,
				44EA6B6C23717EF3003914AF /* AppDelegate.swift in Sources */,
				762CD8332379214F00685234 /* MediaTableViewCell.swift in Sources */,
				44EA6BA42371B430003914AF /* APIEndpoint.swift in Sources */,
				44470AA2237459D9009D6456 /* TitleHeaderView.swift in Sources */,
				44EAB7E22376E80E0062526B /* Enum.swift in Sources */,
				44EAB7E4237704B60062526B /* Error.swift in Sources */,
				44470A932373EA70009D6456 /* MovieCollectionViewCell.swift in Sources */,
			);
			runOnlyForDeploymentPostprocessing = 0;
		};
		44EA6B7A23717EF4003914AF /* Sources */ = {
			isa = PBXSourcesBuildPhase;
			buildActionMask = 2147483647;
			files = (
				44EA6B8323717EF4003914AF /* MyMovieTests.swift in Sources */,
			);
			runOnlyForDeploymentPostprocessing = 0;
		};
		44EA6B8523717EF4003914AF /* Sources */ = {
			isa = PBXSourcesBuildPhase;
			buildActionMask = 2147483647;
			files = (
				44EA6B8E23717EF4003914AF /* MyMovieUITests.swift in Sources */,
			);
			runOnlyForDeploymentPostprocessing = 0;
		};
/* End PBXSourcesBuildPhase section */

/* Begin PBXTargetDependency section */
		44EA6B8023717EF4003914AF /* PBXTargetDependency */ = {
			isa = PBXTargetDependency;
			target = 44EA6B6723717EF3003914AF /* MyMovie */;
			targetProxy = 44EA6B7F23717EF4003914AF /* PBXContainerItemProxy */;
		};
		44EA6B8B23717EF4003914AF /* PBXTargetDependency */ = {
			isa = PBXTargetDependency;
			target = 44EA6B6723717EF3003914AF /* MyMovie */;
			targetProxy = 44EA6B8A23717EF4003914AF /* PBXContainerItemProxy */;
		};
/* End PBXTargetDependency section */

/* Begin PBXVariantGroup section */
		44EA6B7123717EF3003914AF /* Main.storyboard */ = {
			isa = PBXVariantGroup;
			children = (
				44EA6B7223717EF3003914AF /* Base */,
			);
			name = Main.storyboard;
			sourceTree = "<group>";
		};
		44EA6B7623717EF4003914AF /* LaunchScreen.storyboard */ = {
			isa = PBXVariantGroup;
			children = (
				44EA6B7723717EF4003914AF /* Base */,
			);
			name = LaunchScreen.storyboard;
			sourceTree = "<group>";
		};
/* End PBXVariantGroup section */

/* Begin XCBuildConfiguration section */
		44EA6B9023717EF4003914AF /* Debug */ = {
			isa = XCBuildConfiguration;
			buildSettings = {
				ALWAYS_SEARCH_USER_PATHS = NO;
				CLANG_ANALYZER_NONNULL = YES;
				CLANG_ANALYZER_NUMBER_OBJECT_CONVERSION = YES_AGGRESSIVE;
				CLANG_CXX_LANGUAGE_STANDARD = "gnu++14";
				CLANG_CXX_LIBRARY = "libc++";
				CLANG_ENABLE_MODULES = YES;
				CLANG_ENABLE_OBJC_ARC = YES;
				CLANG_ENABLE_OBJC_WEAK = YES;
				CLANG_WARN_BLOCK_CAPTURE_AUTORELEASING = YES;
				CLANG_WARN_BOOL_CONVERSION = YES;
				CLANG_WARN_COMMA = YES;
				CLANG_WARN_CONSTANT_CONVERSION = YES;
				CLANG_WARN_DEPRECATED_OBJC_IMPLEMENTATIONS = YES;
				CLANG_WARN_DIRECT_OBJC_ISA_USAGE = YES_ERROR;
				CLANG_WARN_DOCUMENTATION_COMMENTS = YES;
				CLANG_WARN_EMPTY_BODY = YES;
				CLANG_WARN_ENUM_CONVERSION = YES;
				CLANG_WARN_INFINITE_RECURSION = YES;
				CLANG_WARN_INT_CONVERSION = YES;
				CLANG_WARN_NON_LITERAL_NULL_CONVERSION = YES;
				CLANG_WARN_OBJC_IMPLICIT_RETAIN_SELF = YES;
				CLANG_WARN_OBJC_LITERAL_CONVERSION = YES;
				CLANG_WARN_OBJC_ROOT_CLASS = YES_ERROR;
				CLANG_WARN_RANGE_LOOP_ANALYSIS = YES;
				CLANG_WARN_STRICT_PROTOTYPES = YES;
				CLANG_WARN_SUSPICIOUS_MOVE = YES;
				CLANG_WARN_UNGUARDED_AVAILABILITY = YES_AGGRESSIVE;
				CLANG_WARN_UNREACHABLE_CODE = YES;
				CLANG_WARN__DUPLICATE_METHOD_MATCH = YES;
				COPY_PHASE_STRIP = NO;
				DEBUG_INFORMATION_FORMAT = dwarf;
				ENABLE_STRICT_OBJC_MSGSEND = YES;
				ENABLE_TESTABILITY = YES;
				GCC_C_LANGUAGE_STANDARD = gnu11;
				GCC_DYNAMIC_NO_PIC = NO;
				GCC_NO_COMMON_BLOCKS = YES;
				GCC_OPTIMIZATION_LEVEL = 0;
				GCC_PREPROCESSOR_DEFINITIONS = (
					"DEBUG=1",
					"$(inherited)",
				);
				GCC_WARN_64_TO_32_BIT_CONVERSION = YES;
				GCC_WARN_ABOUT_RETURN_TYPE = YES_ERROR;
				GCC_WARN_UNDECLARED_SELECTOR = YES;
				GCC_WARN_UNINITIALIZED_AUTOS = YES_AGGRESSIVE;
				GCC_WARN_UNUSED_FUNCTION = YES;
				GCC_WARN_UNUSED_VARIABLE = YES;
				IPHONEOS_DEPLOYMENT_TARGET = 13.1;
				MTL_ENABLE_DEBUG_INFO = INCLUDE_SOURCE;
				MTL_FAST_MATH = YES;
				ONLY_ACTIVE_ARCH = YES;
				SDKROOT = iphoneos;
				SWIFT_ACTIVE_COMPILATION_CONDITIONS = DEBUG;
				SWIFT_OPTIMIZATION_LEVEL = "-Onone";
			};
			name = Debug;
		};
		44EA6B9123717EF4003914AF /* Release */ = {
			isa = XCBuildConfiguration;
			buildSettings = {
				ALWAYS_SEARCH_USER_PATHS = NO;
				CLANG_ANALYZER_NONNULL = YES;
				CLANG_ANALYZER_NUMBER_OBJECT_CONVERSION = YES_AGGRESSIVE;
				CLANG_CXX_LANGUAGE_STANDARD = "gnu++14";
				CLANG_CXX_LIBRARY = "libc++";
				CLANG_ENABLE_MODULES = YES;
				CLANG_ENABLE_OBJC_ARC = YES;
				CLANG_ENABLE_OBJC_WEAK = YES;
				CLANG_WARN_BLOCK_CAPTURE_AUTORELEASING = YES;
				CLANG_WARN_BOOL_CONVERSION = YES;
				CLANG_WARN_COMMA = YES;
				CLANG_WARN_CONSTANT_CONVERSION = YES;
				CLANG_WARN_DEPRECATED_OBJC_IMPLEMENTATIONS = YES;
				CLANG_WARN_DIRECT_OBJC_ISA_USAGE = YES_ERROR;
				CLANG_WARN_DOCUMENTATION_COMMENTS = YES;
				CLANG_WARN_EMPTY_BODY = YES;
				CLANG_WARN_ENUM_CONVERSION = YES;
				CLANG_WARN_INFINITE_RECURSION = YES;
				CLANG_WARN_INT_CONVERSION = YES;
				CLANG_WARN_NON_LITERAL_NULL_CONVERSION = YES;
				CLANG_WARN_OBJC_IMPLICIT_RETAIN_SELF = YES;
				CLANG_WARN_OBJC_LITERAL_CONVERSION = YES;
				CLANG_WARN_OBJC_ROOT_CLASS = YES_ERROR;
				CLANG_WARN_RANGE_LOOP_ANALYSIS = YES;
				CLANG_WARN_STRICT_PROTOTYPES = YES;
				CLANG_WARN_SUSPICIOUS_MOVE = YES;
				CLANG_WARN_UNGUARDED_AVAILABILITY = YES_AGGRESSIVE;
				CLANG_WARN_UNREACHABLE_CODE = YES;
				CLANG_WARN__DUPLICATE_METHOD_MATCH = YES;
				COPY_PHASE_STRIP = NO;
				DEBUG_INFORMATION_FORMAT = "dwarf-with-dsym";
				ENABLE_NS_ASSERTIONS = NO;
				ENABLE_STRICT_OBJC_MSGSEND = YES;
				GCC_C_LANGUAGE_STANDARD = gnu11;
				GCC_NO_COMMON_BLOCKS = YES;
				GCC_WARN_64_TO_32_BIT_CONVERSION = YES;
				GCC_WARN_ABOUT_RETURN_TYPE = YES_ERROR;
				GCC_WARN_UNDECLARED_SELECTOR = YES;
				GCC_WARN_UNINITIALIZED_AUTOS = YES_AGGRESSIVE;
				GCC_WARN_UNUSED_FUNCTION = YES;
				GCC_WARN_UNUSED_VARIABLE = YES;
				IPHONEOS_DEPLOYMENT_TARGET = 13.1;
				MTL_ENABLE_DEBUG_INFO = NO;
				MTL_FAST_MATH = YES;
				SDKROOT = iphoneos;
				SWIFT_COMPILATION_MODE = wholemodule;
				SWIFT_OPTIMIZATION_LEVEL = "-O";
				VALIDATE_PRODUCT = YES;
			};
			name = Release;
		};
		44EA6B9323717EF4003914AF /* Debug */ = {
			isa = XCBuildConfiguration;
			baseConfigurationReference = 1FD1009DDAABA78F3568D412 /* Pods-MyMovie.debug.xcconfig */;
			buildSettings = {
				ASSETCATALOG_COMPILER_APPICON_NAME = AppIcon;
				CODE_SIGN_STYLE = Automatic;
				DEVELOPMENT_TEAM = F345KXCVNH;
				INFOPLIST_FILE = MyMovie/Info.plist;
				IPHONEOS_DEPLOYMENT_TARGET = 10.0;
				LD_RUNPATH_SEARCH_PATHS = (
					"$(inherited)",
					"@executable_path/Frameworks",
				);
				PRODUCT_BUNDLE_IDENTIFIER = com.app.bepuz;
				PRODUCT_NAME = "$(TARGET_NAME)";
				SWIFT_VERSION = 4.2;
				TARGETED_DEVICE_FAMILY = "1,2";
			};
			name = Debug;
		};
		44EA6B9423717EF4003914AF /* Release */ = {
			isa = XCBuildConfiguration;
			baseConfigurationReference = 4BC7AD60482BC97865F65743 /* Pods-MyMovie.release.xcconfig */;
			buildSettings = {
				ASSETCATALOG_COMPILER_APPICON_NAME = AppIcon;
				CODE_SIGN_STYLE = Automatic;
				DEVELOPMENT_TEAM = F345KXCVNH;
				INFOPLIST_FILE = MyMovie/Info.plist;
				IPHONEOS_DEPLOYMENT_TARGET = 10.0;
				LD_RUNPATH_SEARCH_PATHS = (
					"$(inherited)",
					"@executable_path/Frameworks",
				);
				PRODUCT_BUNDLE_IDENTIFIER = com.app.bepuz;
				PRODUCT_NAME = "$(TARGET_NAME)";
				SWIFT_VERSION = 4.2;
				TARGETED_DEVICE_FAMILY = "1,2";
			};
			name = Release;
		};
		44EA6B9623717EF4003914AF /* Debug */ = {
			isa = XCBuildConfiguration;
			baseConfigurationReference = 66F7DC6C877EDFCD5751AFB9 /* Pods-MyMovieTests.debug.xcconfig */;
			buildSettings = {
				ALWAYS_EMBED_SWIFT_STANDARD_LIBRARIES = YES;
				BUNDLE_LOADER = "$(TEST_HOST)";
				CODE_SIGN_STYLE = Automatic;
				DEVELOPMENT_TEAM = F345KXCVNH;
				INFOPLIST_FILE = MyMovieTests/Info.plist;
				IPHONEOS_DEPLOYMENT_TARGET = 13.1;
				LD_RUNPATH_SEARCH_PATHS = (
					"$(inherited)",
					"@executable_path/Frameworks",
					"@loader_path/Frameworks",
				);
				PRODUCT_BUNDLE_IDENTIFIER = com.app.MyMovieTests;
				PRODUCT_NAME = "$(TARGET_NAME)";
				SWIFT_VERSION = 4.2;
				TARGETED_DEVICE_FAMILY = "1,2";
				TEST_HOST = "$(BUILT_PRODUCTS_DIR)/MyMovie.app/MyMovie";
			};
			name = Debug;
		};
		44EA6B9723717EF4003914AF /* Release */ = {
			isa = XCBuildConfiguration;
			baseConfigurationReference = DFA756918F911EDD9A84C2E7 /* Pods-MyMovieTests.release.xcconfig */;
			buildSettings = {
				ALWAYS_EMBED_SWIFT_STANDARD_LIBRARIES = YES;
				BUNDLE_LOADER = "$(TEST_HOST)";
				CODE_SIGN_STYLE = Automatic;
				DEVELOPMENT_TEAM = F345KXCVNH;
				INFOPLIST_FILE = MyMovieTests/Info.plist;
				IPHONEOS_DEPLOYMENT_TARGET = 13.1;
				LD_RUNPATH_SEARCH_PATHS = (
					"$(inherited)",
					"@executable_path/Frameworks",
					"@loader_path/Frameworks",
				);
				PRODUCT_BUNDLE_IDENTIFIER = com.app.MyMovieTests;
				PRODUCT_NAME = "$(TARGET_NAME)";
				SWIFT_VERSION = 4.2;
				TARGETED_DEVICE_FAMILY = "1,2";
				TEST_HOST = "$(BUILT_PRODUCTS_DIR)/MyMovie.app/MyMovie";
			};
			name = Release;
		};
		44EA6B9923717EF4003914AF /* Debug */ = {
			isa = XCBuildConfiguration;
			baseConfigurationReference = 641E7DADDD996A6E6C28E97E /* Pods-MyMovie-MyMovieUITests.debug.xcconfig */;
			buildSettings = {
				ALWAYS_EMBED_SWIFT_STANDARD_LIBRARIES = YES;
				CODE_SIGN_STYLE = Automatic;
				DEVELOPMENT_TEAM = F345KXCVNH;
				INFOPLIST_FILE = MyMovieUITests/Info.plist;
				LD_RUNPATH_SEARCH_PATHS = (
					"$(inherited)",
					"@executable_path/Frameworks",
					"@loader_path/Frameworks",
				);
				PRODUCT_BUNDLE_IDENTIFIER = com.app.MyMovieUITests;
				PRODUCT_NAME = "$(TARGET_NAME)";
				SWIFT_VERSION = 4.2;
				TARGETED_DEVICE_FAMILY = "1,2";
				TEST_TARGET_NAME = MyMovie;
			};
			name = Debug;
		};
		44EA6B9A23717EF4003914AF /* Release */ = {
			isa = XCBuildConfiguration;
			baseConfigurationReference = CD48258A7515AE788A9F722B /* Pods-MyMovie-MyMovieUITests.release.xcconfig */;
			buildSettings = {
				ALWAYS_EMBED_SWIFT_STANDARD_LIBRARIES = YES;
				CODE_SIGN_STYLE = Automatic;
				DEVELOPMENT_TEAM = F345KXCVNH;
				INFOPLIST_FILE = MyMovieUITests/Info.plist;
				LD_RUNPATH_SEARCH_PATHS = (
					"$(inherited)",
					"@executable_path/Frameworks",
					"@loader_path/Frameworks",
				);
				PRODUCT_BUNDLE_IDENTIFIER = com.app.MyMovieUITests;
				PRODUCT_NAME = "$(TARGET_NAME)";
				SWIFT_VERSION = 4.2;
				TARGETED_DEVICE_FAMILY = "1,2";
				TEST_TARGET_NAME = MyMovie;
			};
			name = Release;
		};
/* End XCBuildConfiguration section */

/* Begin XCConfigurationList section */
		44EA6B6323717EF2003914AF /* Build configuration list for PBXProject "MyMovie" */ = {
			isa = XCConfigurationList;
			buildConfigurations = (
				44EA6B9023717EF4003914AF /* Debug */,
				44EA6B9123717EF4003914AF /* Release */,
			);
			defaultConfigurationIsVisible = 0;
			defaultConfigurationName = Release;
		};
		44EA6B9223717EF4003914AF /* Build configuration list for PBXNativeTarget "MyMovie" */ = {
			isa = XCConfigurationList;
			buildConfigurations = (
				44EA6B9323717EF4003914AF /* Debug */,
				44EA6B9423717EF4003914AF /* Release */,
			);
			defaultConfigurationIsVisible = 0;
			defaultConfigurationName = Release;
		};
		44EA6B9523717EF4003914AF /* Build configuration list for PBXNativeTarget "MyMovieTests" */ = {
			isa = XCConfigurationList;
			buildConfigurations = (
				44EA6B9623717EF4003914AF /* Debug */,
				44EA6B9723717EF4003914AF /* Release */,
			);
			defaultConfigurationIsVisible = 0;
			defaultConfigurationName = Release;
		};
		44EA6B9823717EF4003914AF /* Build configuration list for PBXNativeTarget "MyMovieUITests" */ = {
			isa = XCConfigurationList;
			buildConfigurations = (
				44EA6B9923717EF4003914AF /* Debug */,
				44EA6B9A23717EF4003914AF /* Release */,
			);
			defaultConfigurationIsVisible = 0;
			defaultConfigurationName = Release;
		};
/* End XCConfigurationList section */
	};
	rootObject = 44EA6B6023717EF2003914AF /* Project object */;
}
